
Microsoft Visual Studio Solution File, Format Version 12.00
# Visual Studio Version 17
VisualStudioVersion = 17.3.32922.545
MinimumVisualStudioVersion = 10.0.40219.1
Project("{8BC9CEB8-8B4A-11D0-8D11-00A0C91BC942}") = "练习 2022_10_21", "练习 2022_10_21\练习 2022_10_21.vcxproj", "{2D7D539F-1110-4D7F-A158-77301C2BFDA3}"
EndProject
Global
	GlobalSection(SolutionConfigurationPlatforms) = preSolution
		Debug|x64 = Debug|x64
		Debug|x86 = Debug|x86
		Release|x64 = Release|x64
		Release|x86 = Release|x86
	EndGlobalSection
	GlobalSection(ProjectConfigurationPlatforms) = postSolution
		{2D7D539F-1110-4D7F-A158-77301C2BFDA3}.Debug|x64.ActiveCfg = Debug|x64
		{2D7D539F-1110-4D7F-A158-77301C2BFDA3}.Debug|x64.Build.0 = Debug|x64
		{2D7D539F-1110-4D7F-A158-77301C2BFDA3}.Debug|x86.ActiveCfg = Debug|Win32
		{2D7D539F-1110-4D7F-A158-77301C2BFDA3}.Debug|x86.Build.0 = Debug|Win32
		{2D7D539F-1110-4D7F-A158-77301C2BFDA3}.Release|x64.ActiveCfg = Release|x64
		{2D7D539F-1110-4D7F-A158-77301C2BFDA3}.Release|x64.Build.0 = Release|x64
		{2D7D539F-1110-4D7F-A158-77301C2BFDA3}.Release|x86.ActiveCfg = Release|Win32
		{2D7D539F-1110-4D7F-A158-77301C2BFDA3}.Release|x86.Build.0 = Release|Win32
	EndGlobalSection
	GlobalSection(SolutionProperties) = preSolution
		HideSolutionNode = FALSE
	EndGlobalSection
	GlobalSection(ExtensibilityGlobals) = postSolution
		SolutionGuid = {71FEFDB0-7072-4EA4-A7C0-9A228BF9BB85}
	EndGlobalSection
EndGlobal
