
Microsoft Visual Studio Solution File, Format Version 12.00
# Visual Studio Version 17
VisualStudioVersion = 17.4.33103.184
MinimumVisualStudioVersion = 10.0.40219.1
Project("{8BC9CEB8-8B4A-11D0-8D11-00A0C91BC942}") = "practise_2022_11_16", "practise_2022_11_16\practise_2022_11_16.vcxproj", "{85DBDE61-E3C6-416D-837C-33F7EAE9A86A}"
EndProject
Global
	GlobalSection(SolutionConfigurationPlatforms) = preSolution
		Debug|x64 = Debug|x64
		Debug|x86 = Debug|x86
		Release|x64 = Release|x64
		Release|x86 = Release|x86
	EndGlobalSection
	GlobalSection(ProjectConfigurationPlatforms) = postSolution
		{85DBDE61-E3C6-416D-837C-33F7EAE9A86A}.Debug|x64.ActiveCfg = Debug|x64
		{85DBDE61-E3C6-416D-837C-33F7EAE9A86A}.Debug|x64.Build.0 = Debug|x64
		{85DBDE61-E3C6-416D-837C-33F7EAE9A86A}.Debug|x86.ActiveCfg = Debug|Win32
		{85DBDE61-E3C6-416D-837C-33F7EAE9A86A}.Debug|x86.Build.0 = Debug|Win32
		{85DBDE61-E3C6-416D-837C-33F7EAE9A86A}.Release|x64.ActiveCfg = Release|x64
		{85DBDE61-E3C6-416D-837C-33F7EAE9A86A}.Release|x64.Build.0 = Release|x64
		{85DBDE61-E3C6-416D-837C-33F7EAE9A86A}.Release|x86.ActiveCfg = Release|Win32
		{85DBDE61-E3C6-416D-837C-33F7EAE9A86A}.Release|x86.Build.0 = Release|Win32
	EndGlobalSection
	GlobalSection(SolutionProperties) = preSolution
		HideSolutionNode = FALSE
	EndGlobalSection
	GlobalSection(ExtensibilityGlobals) = postSolution
		SolutionGuid = {95BDB441-5205-426F-849E-38D502F98B8D}
	EndGlobalSection
EndGlobal
