
Microsoft Visual Studio Solution File, Format Version 12.00
# Visual Studio Version 17
VisualStudioVersion = 17.3.32922.545
MinimumVisualStudioVersion = 10.0.40219.1
Project("{8BC9CEB8-8B4A-11D0-8D11-00A0C91BC942}") = "practice_10_28", "practice_10_28\practice_10_28.vcxproj", "{CD65D13C-709E-4C74-B980-94C73A433D3D}"
EndProject
Global
	GlobalSection(SolutionConfigurationPlatforms) = preSolution
		Debug|x64 = Debug|x64
		Debug|x86 = Debug|x86
		Release|x64 = Release|x64
		Release|x86 = Release|x86
	EndGlobalSection
	GlobalSection(ProjectConfigurationPlatforms) = postSolution
		{CD65D13C-709E-4C74-B980-94C73A433D3D}.Debug|x64.ActiveCfg = Debug|x64
		{CD65D13C-709E-4C74-B980-94C73A433D3D}.Debug|x64.Build.0 = Debug|x64
		{CD65D13C-709E-4C74-B980-94C73A433D3D}.Debug|x86.ActiveCfg = Debug|Win32
		{CD65D13C-709E-4C74-B980-94C73A433D3D}.Debug|x86.Build.0 = Debug|Win32
		{CD65D13C-709E-4C74-B980-94C73A433D3D}.Release|x64.ActiveCfg = Release|x64
		{CD65D13C-709E-4C74-B980-94C73A433D3D}.Release|x64.Build.0 = Release|x64
		{CD65D13C-709E-4C74-B980-94C73A433D3D}.Release|x86.ActiveCfg = Release|Win32
		{CD65D13C-709E-4C74-B980-94C73A433D3D}.Release|x86.Build.0 = Release|Win32
	EndGlobalSection
	GlobalSection(SolutionProperties) = preSolution
		HideSolutionNode = FALSE
	EndGlobalSection
	GlobalSection(ExtensibilityGlobals) = postSolution
		SolutionGuid = {F5163126-2CCC-4112-ADF0-0111FDA0D2BD}
	EndGlobalSection
EndGlobal
